
Microsoft Visual Studio Solution File, Format Version 12.00
# Visual Studio Version 17
VisualStudioVersion = 17.4.33103.184
MinimumVisualStudioVersion = 10.0.40219.1
Project("{FAE04EC0-301F-11D3-BF4B-00C04F79EFBC}") = "MuguandGushchin", "MuguandGushchin.csproj", "{1FD61646-9D92-4B26-8F3D-008CB458629A}"
EndProject
Global
	GlobalSection(SolutionConfigurationPlatforms) = preSolution
		Debug|Any CPU = Debug|Any CPU
		Release|Any CPU = Release|Any CPU
	EndGlobalSection
	GlobalSection(ProjectConfigurationPlatforms) = postSolution
		{1FD61646-9D92-4B26-8F3D-008CB458629A}.Debug|Any CPU.ActiveCfg = Debug|Any CPU
		{1FD61646-9D92-4B26-8F3D-008CB458629A}.Debug|Any CPU.Build.0 = Debug|Any CPU
		{1FD61646-9D92-4B26-8F3D-008CB458629A}.Release|Any CPU.ActiveCfg = Release|Any CPU
		{1FD61646-9D92-4B26-8F3D-008CB458629A}.Release|Any CPU.Build.0 = Release|Any CPU
	EndGlobalSection
	GlobalSection(SolutionProperties) = preSolution
		HideSolutionNode = FALSE
	EndGlobalSection
	GlobalSection(ExtensibilityGlobals) = postSolution
		SolutionGuid = {D314F49B-3FF0-47AE-852D-2AB414A80D7B}
	EndGlobalSection
EndGlobal
